
Microsoft Visual Studio Solution File, Format Version 12.00
# Visual Studio Version 17
VisualStudioVersion = 17.0.31612.314
MinimumVisualStudioVersion = 10.0.40219.1
Project("{FAE04EC0-301F-11D3-BF4B-00C04F79EFBC}") = "Encore", "Encore\Encore.csproj", "{F1CC017C-DF6D-434A-9884-10C29C055DF5}"
EndProject
Project("{FAE04EC0-301F-11D3-BF4B-00C04F79EFBC}") = "Storage", "Storage\Storage.csproj", "{BA9BBE53-1E10-46D6-8019-52E3CB6AD63F}"
EndProject
Global
	GlobalSection(SolutionConfigurationPlatforms) = preSolution
		Debug|Any CPU = Debug|Any CPU
		Release|Any CPU = Release|Any CPU
	EndGlobalSection
	GlobalSection(ProjectConfigurationPlatforms) = postSolution
		{F1CC017C-DF6D-434A-9884-10C29C055DF5}.Debug|Any CPU.ActiveCfg = Debug|Any CPU
		{F1CC017C-DF6D-434A-9884-10C29C055DF5}.Debug|Any CPU.Build.0 = Debug|Any CPU
		{F1CC017C-DF6D-434A-9884-10C29C055DF5}.Release|Any CPU.ActiveCfg = Release|Any CPU
		{F1CC017C-DF6D-434A-9884-10C29C055DF5}.Release|Any CPU.Build.0 = Release|Any CPU
		{BA9BBE53-1E10-46D6-8019-52E3CB6AD63F}.Debug|Any CPU.ActiveCfg = Debug|Any CPU
		{BA9BBE53-1E10-46D6-8019-52E3CB6AD63F}.Debug|Any CPU.Build.0 = Debug|Any CPU
		{BA9BBE53-1E10-46D6-8019-52E3CB6AD63F}.Release|Any CPU.ActiveCfg = Release|Any CPU
		{BA9BBE53-1E10-46D6-8019-52E3CB6AD63F}.Release|Any CPU.Build.0 = Release|Any CPU
	EndGlobalSection
	GlobalSection(SolutionProperties) = preSolution
		HideSolutionNode = FALSE
	EndGlobalSection
	GlobalSection(ExtensibilityGlobals) = postSolution
		SolutionGuid = {00BC6C13-A3CF-42BB-9A08-185B24BE8516}
	EndGlobalSection
EndGlobal
